
Microsoft Visual Studio Solution File, Format Version 12.00
# Visual Studio 15
Project("{FAE04EC0-301F-11D3-BF4B-00C04F79EFBC}") = "Sekigasokoniarunodeareba", "Assembly-CSharp.csproj", "{DE527E42-399D-47D3-C37D-7421090136E9}"
EndProject
Project("{FAE04EC0-301F-11D3-BF4B-00C04F79EFBC}") = "Sekigasokoniarunodeareba", "Assembly-CSharp-firstpass.csproj", "{8E06E2FB-3E1B-CE81-CAFC-48FC652E4F99}"
EndProject
Project("{FAE04EC0-301F-11D3-BF4B-00C04F79EFBC}") = "Sekigasokoniarunodeareba", "Assembly-CSharp-Editor.csproj", "{66DBEA55-9A73-A261-87DF-FD0AB0D62538}"
EndProject
Global
	GlobalSection(SolutionConfigurationPlatforms) = preSolution
		Debug|Any CPU = Debug|Any CPU
		Release|Any CPU = Release|Any CPU
	EndGlobalSection
	GlobalSection(ProjectConfigurationPlatforms) = postSolution
		{DE527E42-399D-47D3-C37D-7421090136E9}.Debug|Any CPU.ActiveCfg = Debug|Any CPU
		{DE527E42-399D-47D3-C37D-7421090136E9}.Debug|Any CPU.Build.0 = Debug|Any CPU
		{DE527E42-399D-47D3-C37D-7421090136E9}.Release|Any CPU.ActiveCfg = Release|Any CPU
		{DE527E42-399D-47D3-C37D-7421090136E9}.Release|Any CPU.Build.0 = Release|Any CPU
		{8E06E2FB-3E1B-CE81-CAFC-48FC652E4F99}.Debug|Any CPU.ActiveCfg = Debug|Any CPU
		{8E06E2FB-3E1B-CE81-CAFC-48FC652E4F99}.Debug|Any CPU.Build.0 = Debug|Any CPU
		{8E06E2FB-3E1B-CE81-CAFC-48FC652E4F99}.Release|Any CPU.ActiveCfg = Release|Any CPU
		{8E06E2FB-3E1B-CE81-CAFC-48FC652E4F99}.Release|Any CPU.Build.0 = Release|Any CPU
		{66DBEA55-9A73-A261-87DF-FD0AB0D62538}.Debug|Any CPU.ActiveCfg = Debug|Any CPU
		{66DBEA55-9A73-A261-87DF-FD0AB0D62538}.Debug|Any CPU.Build.0 = Debug|Any CPU
		{66DBEA55-9A73-A261-87DF-FD0AB0D62538}.Release|Any CPU.ActiveCfg = Release|Any CPU
		{66DBEA55-9A73-A261-87DF-FD0AB0D62538}.Release|Any CPU.Build.0 = Release|Any CPU
	EndGlobalSection
	GlobalSection(SolutionProperties) = preSolution
		HideSolutionNode = FALSE
	EndGlobalSection
EndGlobal
